
Microsoft Visual Studio Solution File, Format Version 12.00
# Visual Studio Version 16
VisualStudioVersion = 16.0.30621.155
MinimumVisualStudioVersion = 10.0.40219.1
Project("{FAE04EC0-301F-11D3-BF4B-00C04F79EFBC}") = "HarmonyInstallChecker", "HarmonyInstallChecker\HarmonyInstallChecker.csproj", "{AEB4648A-9CEB-4E83-B3A5-25254EFFF2A6}"
EndProject
Global
	GlobalSection(SolutionConfigurationPlatforms) = preSolution
		Debug|Any CPU = Debug|Any CPU
		Release|Any CPU = Release|Any CPU
	EndGlobalSection
	GlobalSection(ProjectConfigurationPlatforms) = postSolution
		{AEB4648A-9CEB-4E83-B3A5-25254EFFF2A6}.Debug|Any CPU.ActiveCfg = Debug|Any CPU
		{AEB4648A-9CEB-4E83-B3A5-25254EFFF2A6}.Debug|Any CPU.Build.0 = Debug|Any CPU
		{AEB4648A-9CEB-4E83-B3A5-25254EFFF2A6}.Release|Any CPU.ActiveCfg = Release|Any CPU
		{AEB4648A-9CEB-4E83-B3A5-25254EFFF2A6}.Release|Any CPU.Build.0 = Release|Any CPU
	EndGlobalSection
	GlobalSection(SolutionProperties) = preSolution
		HideSolutionNode = FALSE
	EndGlobalSection
	GlobalSection(ExtensibilityGlobals) = postSolution
		SolutionGuid = {217FEBFC-124F-4900-A152-782479C0ACB3}
	EndGlobalSection
EndGlobal
